
Microsoft Visual Studio Solution File, Format Version 12.00
# Visual Studio Version 16
VisualStudioVersion = 16.0.29201.188
MinimumVisualStudioVersion = 10.0.40219.1
Project("{FAE04EC0-301F-11D3-BF4B-00C04F79EFBC}") = "Sherpany.Libs", "EG.Sherpany.Boardroom.Libs\Sherpany.Libs.csproj", "{5553335F-8014-421E-B073-C594E9E94041}"
EndProject
Project("{FAE04EC0-301F-11D3-BF4B-00C04F79EFBC}") = "Sherpany.Tests", "EG.Sherpany.Boardroom.PortTests\Sherpany.Tests.csproj", "{B559A16A-B9BB-4864-B47F-7B2DAD79A263}"
EndProject
Project("{FAE04EC0-301F-11D3-BF4B-00C04F79EFBC}") = "Sherpany.App", "EG.Sherpany.Boardroom.W10\Sherpany.App.csproj", "{674EA50E-ABE4-4306-8FD6-258EE2FC2B24}"
EndProject
Project("{FAE04EC0-301F-11D3-BF4B-00C04F79EFBC}") = "Sherpany.DataAccess", "EG.Sherpany.Boardroom.DataAccess.V3\Sherpany.DataAccess.csproj", "{C44EE0A7-75D1-4DEA-B9AD-176EEF7062BF}"
EndProject
Project("{FAE04EC0-301F-11D3-BF4B-00C04F79EFBC}") = "Sherpany.HTMLCommunicator", "HTMLCommunicator\Sherpany.HTMLCommunicator.csproj", "{54E0263C-0C7E-4B45-AA92-6E466C2CF68B}"
EndProject
Global
	GlobalSection(SolutionConfigurationPlatforms) = preSolution
		Debug|Any CPU = Debug|Any CPU
		Debug|ARM = Debug|ARM
		Debug|ARM64 = Debug|ARM64
		Debug|x64 = Debug|x64
		Debug|x86 = Debug|x86
		Release|Any CPU = Release|Any CPU
		Release|ARM = Release|ARM
		Release|ARM64 = Release|ARM64
		Release|x64 = Release|x64
		Release|x86 = Release|x86
	EndGlobalSection
	GlobalSection(ProjectConfigurationPlatforms) = postSolution
		{5553335F-8014-421E-B073-C594E9E94041}.Debug|Any CPU.ActiveCfg = Debug|Any CPU
		{5553335F-8014-421E-B073-C594E9E94041}.Debug|Any CPU.Build.0 = Debug|Any CPU
		{5553335F-8014-421E-B073-C594E9E94041}.Debug|ARM.ActiveCfg = Debug|Any CPU
		{5553335F-8014-421E-B073-C594E9E94041}.Debug|ARM.Build.0 = Debug|Any CPU
		{5553335F-8014-421E-B073-C594E9E94041}.Debug|ARM64.ActiveCfg = Debug|Any CPU
		{5553335F-8014-421E-B073-C594E9E94041}.Debug|ARM64.Build.0 = Debug|Any CPU
		{5553335F-8014-421E-B073-C594E9E94041}.Debug|x64.ActiveCfg = Debug|Any CPU
		{5553335F-8014-421E-B073-C594E9E94041}.Debug|x64.Build.0 = Debug|Any CPU
		{5553335F-8014-421E-B073-C594E9E94041}.Debug|x86.ActiveCfg = Debug|x86
		{5553335F-8014-421E-B073-C594E9E94041}.Debug|x86.Build.0 = Debug|x86
		{5553335F-8014-421E-B073-C594E9E94041}.Release|Any CPU.ActiveCfg = Release|Any CPU
		{5553335F-8014-421E-B073-C594E9E94041}.Release|Any CPU.Build.0 = Release|Any CPU
		{5553335F-8014-421E-B073-C594E9E94041}.Release|ARM.ActiveCfg = Release|Any CPU
		{5553335F-8014-421E-B073-C594E9E94041}.Release|ARM.Build.0 = Release|Any CPU
		{5553335F-8014-421E-B073-C594E9E94041}.Release|ARM64.ActiveCfg = Release|Any CPU
		{5553335F-8014-421E-B073-C594E9E94041}.Release|ARM64.Build.0 = Release|Any CPU
		{5553335F-8014-421E-B073-C594E9E94041}.Release|x64.ActiveCfg = Release|Any CPU
		{5553335F-8014-421E-B073-C594E9E94041}.Release|x64.Build.0 = Release|Any CPU
		{5553335F-8014-421E-B073-C594E9E94041}.Release|x86.ActiveCfg = Release|x86
		{5553335F-8014-421E-B073-C594E9E94041}.Release|x86.Build.0 = Release|x86
		{B559A16A-B9BB-4864-B47F-7B2DAD79A263}.Debug|Any CPU.ActiveCfg = Debug|Any CPU
		{B559A16A-B9BB-4864-B47F-7B2DAD79A263}.Debug|Any CPU.Build.0 = Debug|Any CPU
		{B559A16A-B9BB-4864-B47F-7B2DAD79A263}.Debug|ARM.ActiveCfg = Debug|Any CPU
		{B559A16A-B9BB-4864-B47F-7B2DAD79A263}.Debug|ARM.Build.0 = Debug|Any CPU
		{B559A16A-B9BB-4864-B47F-7B2DAD79A263}.Debug|ARM64.ActiveCfg = Debug|Any CPU
		{B559A16A-B9BB-4864-B47F-7B2DAD79A263}.Debug|ARM64.Build.0 = Debug|Any CPU
		{B559A16A-B9BB-4864-B47F-7B2DAD79A263}.Debug|x64.ActiveCfg = Debug|Any CPU
		{B559A16A-B9BB-4864-B47F-7B2DAD79A263}.Debug|x64.Build.0 = Debug|Any CPU
		{B559A16A-B9BB-4864-B47F-7B2DAD79A263}.Debug|x86.ActiveCfg = Debug|Any CPU
		{B559A16A-B9BB-4864-B47F-7B2DAD79A263}.Debug|x86.Build.0 = Debug|Any CPU
		{B559A16A-B9BB-4864-B47F-7B2DAD79A263}.Release|Any CPU.ActiveCfg = Release|Any CPU
		{B559A16A-B9BB-4864-B47F-7B2DAD79A263}.Release|Any CPU.Build.0 = Release|Any CPU
		{B559A16A-B9BB-4864-B47F-7B2DAD79A263}.Release|ARM.ActiveCfg = Release|Any CPU
		{B559A16A-B9BB-4864-B47F-7B2DAD79A263}.Release|ARM.Build.0 = Release|Any CPU
		{B559A16A-B9BB-4864-B47F-7B2DAD79A263}.Release|ARM64.ActiveCfg = Release|Any CPU
		{B559A16A-B9BB-4864-B47F-7B2DAD79A263}.Release|ARM64.Build.0 = Release|Any CPU
		{B559A16A-B9BB-4864-B47F-7B2DAD79A263}.Release|x64.ActiveCfg = Release|Any CPU
		{B559A16A-B9BB-4864-B47F-7B2DAD79A263}.Release|x64.Build.0 = Release|Any CPU
		{B559A16A-B9BB-4864-B47F-7B2DAD79A263}.Release|x86.ActiveCfg = Release|Any CPU
		{B559A16A-B9BB-4864-B47F-7B2DAD79A263}.Release|x86.Build.0 = Release|Any CPU
		{674EA50E-ABE4-4306-8FD6-258EE2FC2B24}.Debug|Any CPU.ActiveCfg = Debug|x64
		{674EA50E-ABE4-4306-8FD6-258EE2FC2B24}.Debug|Any CPU.Build.0 = Debug|x64
		{674EA50E-ABE4-4306-8FD6-258EE2FC2B24}.Debug|Any CPU.Deploy.0 = Debug|x64
		{674EA50E-ABE4-4306-8FD6-258EE2FC2B24}.Debug|ARM.ActiveCfg = Debug|x64
		{674EA50E-ABE4-4306-8FD6-258EE2FC2B24}.Debug|ARM64.ActiveCfg = Debug|ARM64
		{674EA50E-ABE4-4306-8FD6-258EE2FC2B24}.Debug|ARM64.Build.0 = Debug|ARM64
		{674EA50E-ABE4-4306-8FD6-258EE2FC2B24}.Debug|ARM64.Deploy.0 = Debug|ARM64
		{674EA50E-ABE4-4306-8FD6-258EE2FC2B24}.Debug|x64.ActiveCfg = Debug|x64
		{674EA50E-ABE4-4306-8FD6-258EE2FC2B24}.Debug|x64.Build.0 = Debug|x64
		{674EA50E-ABE4-4306-8FD6-258EE2FC2B24}.Debug|x64.Deploy.0 = Debug|x64
		{674EA50E-ABE4-4306-8FD6-258EE2FC2B24}.Debug|x86.ActiveCfg = Debug|x64
		{674EA50E-ABE4-4306-8FD6-258EE2FC2B24}.Release|Any CPU.ActiveCfg = Release|x64
		{674EA50E-ABE4-4306-8FD6-258EE2FC2B24}.Release|ARM.ActiveCfg = Release|x64
		{674EA50E-ABE4-4306-8FD6-258EE2FC2B24}.Release|ARM64.ActiveCfg = Release|ARM64
		{674EA50E-ABE4-4306-8FD6-258EE2FC2B24}.Release|ARM64.Build.0 = Release|ARM64
		{674EA50E-ABE4-4306-8FD6-258EE2FC2B24}.Release|ARM64.Deploy.0 = Release|ARM64
		{674EA50E-ABE4-4306-8FD6-258EE2FC2B24}.Release|x64.ActiveCfg = Release|x64
		{674EA50E-ABE4-4306-8FD6-258EE2FC2B24}.Release|x64.Build.0 = Release|x64
		{674EA50E-ABE4-4306-8FD6-258EE2FC2B24}.Release|x64.Deploy.0 = Release|x64
		{674EA50E-ABE4-4306-8FD6-258EE2FC2B24}.Release|x86.ActiveCfg = Release|x64
		{C44EE0A7-75D1-4DEA-B9AD-176EEF7062BF}.Debug|Any CPU.ActiveCfg = Debug|Any CPU
		{C44EE0A7-75D1-4DEA-B9AD-176EEF7062BF}.Debug|Any CPU.Build.0 = Debug|Any CPU
		{C44EE0A7-75D1-4DEA-B9AD-176EEF7062BF}.Debug|ARM.ActiveCfg = Debug|Any CPU
		{C44EE0A7-75D1-4DEA-B9AD-176EEF7062BF}.Debug|ARM.Build.0 = Debug|Any CPU
		{C44EE0A7-75D1-4DEA-B9AD-176EEF7062BF}.Debug|ARM64.ActiveCfg = Debug|Any CPU
		{C44EE0A7-75D1-4DEA-B9AD-176EEF7062BF}.Debug|ARM64.Build.0 = Debug|Any CPU
		{C44EE0A7-75D1-4DEA-B9AD-176EEF7062BF}.Debug|x64.ActiveCfg = Debug|Any CPU
		{C44EE0A7-75D1-4DEA-B9AD-176EEF7062BF}.Debug|x64.Build.0 = Debug|Any CPU
		{C44EE0A7-75D1-4DEA-B9AD-176EEF7062BF}.Debug|x86.ActiveCfg = Debug|Any CPU
		{C44EE0A7-75D1-4DEA-B9AD-176EEF7062BF}.Debug|x86.Build.0 = Debug|Any CPU
		{C44EE0A7-75D1-4DEA-B9AD-176EEF7062BF}.Release|Any CPU.ActiveCfg = Release|Any CPU
		{C44EE0A7-75D1-4DEA-B9AD-176EEF7062BF}.Release|Any CPU.Build.0 = Release|Any CPU
		{C44EE0A7-75D1-4DEA-B9AD-176EEF7062BF}.Release|ARM.ActiveCfg = Release|Any CPU
		{C44EE0A7-75D1-4DEA-B9AD-176EEF7062BF}.Release|ARM.Build.0 = Release|Any CPU
		{C44EE0A7-75D1-4DEA-B9AD-176EEF7062BF}.Release|ARM64.ActiveCfg = Release|Any CPU
		{C44EE0A7-75D1-4DEA-B9AD-176EEF7062BF}.Release|ARM64.Build.0 = Release|Any CPU
		{C44EE0A7-75D1-4DEA-B9AD-176EEF7062BF}.Release|x64.ActiveCfg = Release|Any CPU
		{C44EE0A7-75D1-4DEA-B9AD-176EEF7062BF}.Release|x64.Build.0 = Release|Any CPU
		{C44EE0A7-75D1-4DEA-B9AD-176EEF7062BF}.Release|x86.ActiveCfg = Release|Any CPU
		{C44EE0A7-75D1-4DEA-B9AD-176EEF7062BF}.Release|x86.Build.0 = Release|Any CPU
		{54E0263C-0C7E-4B45-AA92-6E466C2CF68B}.Debug|Any CPU.ActiveCfg = Debug|Any CPU
		{54E0263C-0C7E-4B45-AA92-6E466C2CF68B}.Debug|Any CPU.Build.0 = Debug|Any CPU
		{54E0263C-0C7E-4B45-AA92-6E466C2CF68B}.Debug|ARM.ActiveCfg = Debug|ARM
		{54E0263C-0C7E-4B45-AA92-6E466C2CF68B}.Debug|ARM.Build.0 = Debug|ARM
		{54E0263C-0C7E-4B45-AA92-6E466C2CF68B}.Debug|ARM64.ActiveCfg = Debug|ARM64
		{54E0263C-0C7E-4B45-AA92-6E466C2CF68B}.Debug|ARM64.Build.0 = Debug|ARM64
		{54E0263C-0C7E-4B45-AA92-6E466C2CF68B}.Debug|x64.ActiveCfg = Debug|x64
		{54E0263C-0C7E-4B45-AA92-6E466C2CF68B}.Debug|x64.Build.0 = Debug|x64
		{54E0263C-0C7E-4B45-AA92-6E466C2CF68B}.Debug|x86.ActiveCfg = Debug|x86
		{54E0263C-0C7E-4B45-AA92-6E466C2CF68B}.Debug|x86.Build.0 = Debug|x86
		{54E0263C-0C7E-4B45-AA92-6E466C2CF68B}.Release|Any CPU.ActiveCfg = Release|Any CPU
		{54E0263C-0C7E-4B45-AA92-6E466C2CF68B}.Release|Any CPU.Build.0 = Release|Any CPU
		{54E0263C-0C7E-4B45-AA92-6E466C2CF68B}.Release|ARM.ActiveCfg = Release|ARM
		{54E0263C-0C7E-4B45-AA92-6E466C2CF68B}.Release|ARM.Build.0 = Release|ARM
		{54E0263C-0C7E-4B45-AA92-6E466C2CF68B}.Release|ARM64.ActiveCfg = Release|ARM64
		{54E0263C-0C7E-4B45-AA92-6E466C2CF68B}.Release|ARM64.Build.0 = Release|ARM64
		{54E0263C-0C7E-4B45-AA92-6E466C2CF68B}.Release|x64.ActiveCfg = Release|x64
		{54E0263C-0C7E-4B45-AA92-6E466C2CF68B}.Release|x64.Build.0 = Release|x64
		{54E0263C-0C7E-4B45-AA92-6E466C2CF68B}.Release|x86.ActiveCfg = Release|x86
		{54E0263C-0C7E-4B45-AA92-6E466C2CF68B}.Release|x86.Build.0 = Release|x86
	EndGlobalSection
	GlobalSection(SolutionProperties) = preSolution
		HideSolutionNode = FALSE
	EndGlobalSection
	GlobalSection(ExtensibilityGlobals) = postSolution
		SolutionGuid = {C7C918A8-3A3D-44A0-8042-C597D4097899}
	EndGlobalSection
EndGlobal
